
Microsoft Visual Studio Solution File, Format Version 12.00
# Visual Studio Version 17
VisualStudioVersion = 17.2.32616.157
MinimumVisualStudioVersion = 10.0.40219.1
Project("{FAE04EC0-301F-11D3-BF4B-00C04F79EFBC}") = "Method overload", "Method overload\Method overload.csproj", "{5BFFF196-E4B6-4C5A-B2F8-2D868A7E8DAC}"
EndProject
Global
	GlobalSection(SolutionConfigurationPlatforms) = preSolution
		Debug|Any CPU = Debug|Any CPU
		Release|Any CPU = Release|Any CPU
	EndGlobalSection
	GlobalSection(ProjectConfigurationPlatforms) = postSolution
		{5BFFF196-E4B6-4C5A-B2F8-2D868A7E8DAC}.Debug|Any CPU.ActiveCfg = Debug|Any CPU
		{5BFFF196-E4B6-4C5A-B2F8-2D868A7E8DAC}.Debug|Any CPU.Build.0 = Debug|Any CPU
		{5BFFF196-E4B6-4C5A-B2F8-2D868A7E8DAC}.Release|Any CPU.ActiveCfg = Release|Any CPU
		{5BFFF196-E4B6-4C5A-B2F8-2D868A7E8DAC}.Release|Any CPU.Build.0 = Release|Any CPU
	EndGlobalSection
	GlobalSection(SolutionProperties) = preSolution
		HideSolutionNode = FALSE
	EndGlobalSection
	GlobalSection(ExtensibilityGlobals) = postSolution
		SolutionGuid = {E9B9B393-B351-4928-AE82-0397A592D847}
	EndGlobalSection
EndGlobal
